{
  "name": "newRonde",
  "lockfileVersion": 2,
  "requires": true,
  "packages": {
    "": {
      "dependencies": {
        "ckeditor-youtube-plugin": "^2.1.19",
        "ckeditor4": "^4.17.1"
      }
    },
    "node_modules/ckeditor-youtube-plugin": {
      "version": "2.1.19",
      "resolved": "https://registry.npmjs.org/ckeditor-youtube-plugin/-/ckeditor-youtube-plugin-2.1.19.tgz",
      "integrity": "sha512-5+4DNBEFa7qspX7exbDR8QSf6mU+kzyY6WhrLT2S1mxWRqNgC4PvVvs92gHHiLGR3cjylYPGOHu+agRlSsItsw=="
    },
    "node_modules/ckeditor4": {
      "version": "4.17.1",
      "resolved": "https://registry.npmjs.org/ckeditor4/-/ckeditor4-4.17.1.tgz",
      "integrity": "sha512-VSTyro6tWd0B356SjJX8Zbix2Q85M/5h7469+vLb7DeNUP2vAimrPYoo29am2RRTTllyKxfLzVuTF8E9A1ssdA=="
    }
  },
  "dependencies": {
    "ckeditor-youtube-plugin": {
      "version": "2.1.19",
      "resolved": "https://registry.npmjs.org/ckeditor-youtube-plugin/-/ckeditor-youtube-plugin-2.1.19.tgz",
      "integrity": "sha512-5+4DNBEFa7qspX7exbDR8QSf6mU+kzyY6WhrLT2S1mxWRqNgC4PvVvs92gHHiLGR3cjylYPGOHu+agRlSsItsw=="
    },
    "ckeditor4": {
      "version": "4.17.1",
      "resolved": "https://registry.npmjs.org/ckeditor4/-/ckeditor4-4.17.1.tgz",
      "integrity": "sha512-VSTyro6tWd0B356SjJX8Zbix2Q85M/5h7469+vLb7DeNUP2vAimrPYoo29am2RRTTllyKxfLzVuTF8E9A1ssdA=="
    }
  }
}
